
Microsoft Visual Studio Solution File, Format Version 12.00
# Visual Studio 15
VisualStudioVersion = 15.0.27004.2008
MinimumVisualStudioVersion = 10.0.40219.1
Project("{FAE04EC0-301F-11D3-BF4B-00C04F79EFBC}") = "Jamb", "Jamb\Jamb.csproj", "{A76E7B73-D242-4A22-A430-D15907C95A8C}"
EndProject
Global
	GlobalSection(SolutionConfigurationPlatforms) = preSolution
		Debug|Any CPU = Debug|Any CPU
		Release|Any CPU = Release|Any CPU
	EndGlobalSection
	GlobalSection(ProjectConfigurationPlatforms) = postSolution
		{A76E7B73-D242-4A22-A430-D15907C95A8C}.Debug|Any CPU.ActiveCfg = Debug|Any CPU
		{A76E7B73-D242-4A22-A430-D15907C95A8C}.Debug|Any CPU.Build.0 = Debug|Any CPU
		{A76E7B73-D242-4A22-A430-D15907C95A8C}.Release|Any CPU.ActiveCfg = Release|Any CPU
		{A76E7B73-D242-4A22-A430-D15907C95A8C}.Release|Any CPU.Build.0 = Release|Any CPU
	EndGlobalSection
	GlobalSection(SolutionProperties) = preSolution
		HideSolutionNode = FALSE
	EndGlobalSection
	GlobalSection(ExtensibilityGlobals) = postSolution
		SolutionGuid = {6943176A-9ABC-498F-A29F-BECDCF93A67E}
	EndGlobalSection
EndGlobal
